// !$*UTF8*$!
{
	archiveVersion = 1;
	classes = {
	};
	objectVersion = 56;
	objects = {

/* Begin PBXBuildFile section */
		232B2FB22CC9BFB600891D68 /* CoinImageView.swift in Sources */ = {isa = PBXBuildFile; fileRef = 232B2FB12CC9BFB600891D68 /* CoinImageView.swift */; };
		232B2FB42CC9C0DB00891D68 /* CoinImageService.swift in Sources */ = {isa = PBXBuildFile; fileRef = 232B2FB32CC9C0DB00891D68 /* CoinImageService.swift */; };
		232B2FB62CC9C23F00891D68 /* CoinImageViewModel.swift in Sources */ = {isa = PBXBuildFile; fileRef = 232B2FB52CC9C23F00891D68 /* CoinImageViewModel.swift */; };
		2332BBF42CC4E29B008E163A /* CoinRowView.swift in Sources */ = {isa = PBXBuildFile; fileRef = 2332BBF32CC4E29B008E163A /* CoinRowView.swift */; };
		2332BBF62CC4E2FE008E163A /* PreviewProvider.swift in Sources */ = {isa = PBXBuildFile; fileRef = 2332BBF52CC4E2FE008E163A /* PreviewProvider.swift */; };
		2332BBF82CC4E644008E163A /* Double.swift in Sources */ = {isa = PBXBuildFile; fileRef = 2332BBF72CC4E644008E163A /* Double.swift */; };
		2337E0CB2CD19C9200FD2CF2 /* String.swift in Sources */ = {isa = PBXBuildFile; fileRef = 2337E0CA2CD19C9200FD2CF2 /* String.swift */; };
		2337E0CF2CD1A1D300FD2CF2 /* SettingsView.swift in Sources */ = {isa = PBXBuildFile; fileRef = 2337E0CE2CD1A1D300FD2CF2 /* SettingsView.swift */; };
		233895C72CCC71A100C739FC /* StatisticModel.swift in Sources */ = {isa = PBXBuildFile; fileRef = 233895C62CCC71A100C739FC /* StatisticModel.swift */; };
		233895C92CCC72D700C739FC /* StatisticView.swift in Sources */ = {isa = PBXBuildFile; fileRef = 233895C82CCC72D700C739FC /* StatisticView.swift */; };
		233895CB2CCC763600C739FC /* HomeStatsView.swift in Sources */ = {isa = PBXBuildFile; fileRef = 233895CA2CCC763600C739FC /* HomeStatsView.swift */; };
		233895CD2CCC79F000C739FC /* MarketDataModel.swift in Sources */ = {isa = PBXBuildFile; fileRef = 233895CC2CCC79F000C739FC /* MarketDataModel.swift */; };
		233895CF2CCC7D3200C739FC /* MarketDataService.swift in Sources */ = {isa = PBXBuildFile; fileRef = 233895CE2CCC7D3200C739FC /* MarketDataService.swift */; };
		233895D12CCC933800C739FC /* PortfolioView.swift in Sources */ = {isa = PBXBuildFile; fileRef = 233895D02CCC933800C739FC /* PortfolioView.swift */; };
		233895D32CCC95BD00C739FC /* XMarkButton.swift in Sources */ = {isa = PBXBuildFile; fileRef = 233895D22CCC95BD00C739FC /* XMarkButton.swift */; };
		233895D52CCC9B0600C739FC /* CoinLogoView.swift in Sources */ = {isa = PBXBuildFile; fileRef = 233895D42CCC9B0600C739FC /* CoinLogoView.swift */; };
		233895D82CCCC41E00C739FC /* PortfolioContainer.xcdatamodeld in Sources */ = {isa = PBXBuildFile; fileRef = 233895D62CCCC41E00C739FC /* PortfolioContainer.xcdatamodeld */; };
		233895DA2CCCC4E600C739FC /* PortfolioDataService.swift in Sources */ = {isa = PBXBuildFile; fileRef = 233895D92CCCC4E600C739FC /* PortfolioDataService.swift */; };
		233895DC2CCCEF9C00C739FC /* HapticManager.swift in Sources */ = {isa = PBXBuildFile; fileRef = 233895DB2CCCEF9C00C739FC /* HapticManager.swift */; };
		233A4B162CCB062F004E7027 /* LocalFileManager.swift in Sources */ = {isa = PBXBuildFile; fileRef = 233A4B152CCB062F004E7027 /* LocalFileManager.swift */; };
		233A4B182CCB0E03004E7027 /* SearchBarView.swift in Sources */ = {isa = PBXBuildFile; fileRef = 233A4B172CCB0E03004E7027 /* SearchBarView.swift */; };
		233A4B1A2CCB1289004E7027 /* UIApplication.swift in Sources */ = {isa = PBXBuildFile; fileRef = 233A4B192CCB1289004E7027 /* UIApplication.swift */; };
		233DF6D12CC4AB8700FAE8B1 /* SwiftUI_CryptoApp.swift in Sources */ = {isa = PBXBuildFile; fileRef = 233DF6D02CC4AB8700FAE8B1 /* SwiftUI_CryptoApp.swift */; };
		233DF6D52CC4AB8800FAE8B1 /* Assets.xcassets in Resources */ = {isa = PBXBuildFile; fileRef = 233DF6D42CC4AB8800FAE8B1 /* Assets.xcassets */; };
		233DF6D82CC4AB8800FAE8B1 /* Preview Assets.xcassets in Resources */ = {isa = PBXBuildFile; fileRef = 233DF6D72CC4AB8800FAE8B1 /* Preview Assets.xcassets */; };
		233DF6E02CC4AD5400FAE8B1 /* Color.swift in Sources */ = {isa = PBXBuildFile; fileRef = 233DF6DF2CC4AD5400FAE8B1 /* Color.swift */; };
		233DF6E62CC4B02000FAE8B1 /* HomeView.swift in Sources */ = {isa = PBXBuildFile; fileRef = 233DF6E52CC4B02000FAE8B1 /* HomeView.swift */; };
		233DF6EA2CC4B22000FAE8B1 /* CircleButtonView.swift in Sources */ = {isa = PBXBuildFile; fileRef = 233DF6E92CC4B22000FAE8B1 /* CircleButtonView.swift */; };
		233DF6EC2CC4B71000FAE8B1 /* CircleButtonAnimationView.swift in Sources */ = {isa = PBXBuildFile; fileRef = 233DF6EB2CC4B71000FAE8B1 /* CircleButtonAnimationView.swift */; };
		233DF6EF2CC4D3F800FAE8B1 /* CoinModel.swift in Sources */ = {isa = PBXBuildFile; fileRef = 233DF6EE2CC4D3F700FAE8B1 /* CoinModel.swift */; };
		23494FAC2CC8638B00BB4F99 /* NetworkingManager.swift in Sources */ = {isa = PBXBuildFile; fileRef = 23494FAB2CC8638B00BB4F99 /* NetworkingManager.swift */; };
		236B6BF32CC5BE0F00B30718 /* HomeViewModel.swift in Sources */ = {isa = PBXBuildFile; fileRef = 236B6BF22CC5BE0F00B30718 /* HomeViewModel.swift */; };
		236B6BF62CC5C3CC00B30718 /* CoinDataService.swift in Sources */ = {isa = PBXBuildFile; fileRef = 236B6BF52CC5C3CC00B30718 /* CoinDataService.swift */; };
		236DC7FA2CD056D3008147E5 /* ChartView.swift in Sources */ = {isa = PBXBuildFile; fileRef = 236DC7F92CD056D3008147E5 /* ChartView.swift */; };
		236DC7FC2CD05C3C008147E5 /* Date.swift in Sources */ = {isa = PBXBuildFile; fileRef = 236DC7FB2CD05C3C008147E5 /* Date.swift */; };
		23711A512CCDC6F0008622ED /* DetailView.swift in Sources */ = {isa = PBXBuildFile; fileRef = 23711A502CCDC6F0008622ED /* DetailView.swift */; };
		23BE17B52CCE310300A3DA58 /* CoinDetailModel.swift in Sources */ = {isa = PBXBuildFile; fileRef = 23BE17B42CCE310300A3DA58 /* CoinDetailModel.swift */; };
		23BE17B72CCE340700A3DA58 /* DetailViewModel.swift in Sources */ = {isa = PBXBuildFile; fileRef = 23BE17B62CCE340700A3DA58 /* DetailViewModel.swift */; };
		23BE17B92CCE343000A3DA58 /* CoinDetailDataService.swift in Sources */ = {isa = PBXBuildFile; fileRef = 23BE17B82CCE343000A3DA58 /* CoinDetailDataService.swift */; };
		23CB43732CD2FA08009C56BF /* LaunchScreen.storyboard in Resources */ = {isa = PBXBuildFile; fileRef = 23CB43722CD2FA08009C56BF /* LaunchScreen.storyboard */; };
		23CB43752CD2FCA6009C56BF /* LaunchView.swift in Sources */ = {isa = PBXBuildFile; fileRef = 23CB43742CD2FCA6009C56BF /* LaunchView.swift */; };
/* End PBXBuildFile section */

/* Begin PBXFileReference section */
		232B2FB12CC9BFB600891D68 /* CoinImageView.swift */ = {isa = PBXFileReference; lastKnownFileType = sourcecode.swift; path = CoinImageView.swift; sourceTree = "<group>"; };
		232B2FB32CC9C0DB00891D68 /* CoinImageService.swift */ = {isa = PBXFileReference; lastKnownFileType = sourcecode.swift; path = CoinImageService.swift; sourceTree = "<group>"; };
		232B2FB52CC9C23F00891D68 /* CoinImageViewModel.swift */ = {isa = PBXFileReference; lastKnownFileType = sourcecode.swift; path = CoinImageViewModel.swift; sourceTree = "<group>"; };
		2332BBF32CC4E29B008E163A /* CoinRowView.swift */ = {isa = PBXFileReference; lastKnownFileType = sourcecode.swift; path = CoinRowView.swift; sourceTree = "<group>"; };
		2332BBF52CC4E2FE008E163A /* PreviewProvider.swift */ = {isa = PBXFileReference; lastKnownFileType = sourcecode.swift; path = PreviewProvider.swift; sourceTree = "<group>"; };
		2332BBF72CC4E644008E163A /* Double.swift */ = {isa = PBXFileReference; lastKnownFileType = sourcecode.swift; path = Double.swift; sourceTree = "<group>"; };
		2337E0CA2CD19C9200FD2CF2 /* String.swift */ = {isa = PBXFileReference; lastKnownFileType = sourcecode.swift; path = String.swift; sourceTree = "<group>"; };
		2337E0CE2CD1A1D300FD2CF2 /* SettingsView.swift */ = {isa = PBXFileReference; lastKnownFileType = sourcecode.swift; path = SettingsView.swift; sourceTree = "<group>"; };
		233895C62CCC71A100C739FC /* StatisticModel.swift */ = {isa = PBXFileReference; lastKnownFileType = sourcecode.swift; path = StatisticModel.swift; sourceTree = "<group>"; };
		233895C82CCC72D700C739FC /* StatisticView.swift */ = {isa = PBXFileReference; lastKnownFileType = sourcecode.swift; path = StatisticView.swift; sourceTree = "<group>"; };
		233895CA2CCC763600C739FC /* HomeStatsView.swift */ = {isa = PBXFileReference; lastKnownFileType = sourcecode.swift; path = HomeStatsView.swift; sourceTree = "<group>"; };
		233895CC2CCC79F000C739FC /* MarketDataModel.swift */ = {isa = PBXFileReference; lastKnownFileType = sourcecode.swift; path = MarketDataModel.swift; sourceTree = "<group>"; };
		233895CE2CCC7D3200C739FC /* MarketDataService.swift */ = {isa = PBXFileReference; lastKnownFileType = sourcecode.swift; path = MarketDataService.swift; sourceTree = "<group>"; };
		233895D02CCC933800C739FC /* PortfolioView.swift */ = {isa = PBXFileReference; lastKnownFileType = sourcecode.swift; path = PortfolioView.swift; sourceTree = "<group>"; };
		233895D22CCC95BD00C739FC /* XMarkButton.swift */ = {isa = PBXFileReference; lastKnownFileType = sourcecode.swift; path = XMarkButton.swift; sourceTree = "<group>"; };
		233895D42CCC9B0600C739FC /* CoinLogoView.swift */ = {isa = PBXFileReference; lastKnownFileType = sourcecode.swift; path = CoinLogoView.swift; sourceTree = "<group>"; };
		233895D72CCCC41E00C739FC /* PortfolioContainer.xcdatamodel */ = {isa = PBXFileReference; lastKnownFileType = wrapper.xcdatamodel; path = PortfolioContainer.xcdatamodel; sourceTree = "<group>"; };
		233895D92CCCC4E600C739FC /* PortfolioDataService.swift */ = {isa = PBXFileReference; lastKnownFileType = sourcecode.swift; path = PortfolioDataService.swift; sourceTree = "<group>"; };
		233895DB2CCCEF9C00C739FC /* HapticManager.swift */ = {isa = PBXFileReference; lastKnownFileType = sourcecode.swift; path = HapticManager.swift; sourceTree = "<group>"; };
		233A4B152CCB062F004E7027 /* LocalFileManager.swift */ = {isa = PBXFileReference; lastKnownFileType = sourcecode.swift; path = LocalFileManager.swift; sourceTree = "<group>"; };
		233A4B172CCB0E03004E7027 /* SearchBarView.swift */ = {isa = PBXFileReference; lastKnownFileType = sourcecode.swift; path = SearchBarView.swift; sourceTree = "<group>"; };
		233A4B192CCB1289004E7027 /* UIApplication.swift */ = {isa = PBXFileReference; lastKnownFileType = sourcecode.swift; path = UIApplication.swift; sourceTree = "<group>"; };
		233DF6CD2CC4AB8700FAE8B1 /* SwiftUI-Crypto.app */ = {isa = PBXFileReference; explicitFileType = wrapper.application; includeInIndex = 0; path = "SwiftUI-Crypto.app"; sourceTree = BUILT_PRODUCTS_DIR; };
		233DF6D02CC4AB8700FAE8B1 /* SwiftUI_CryptoApp.swift */ = {isa = PBXFileReference; lastKnownFileType = sourcecode.swift; path = SwiftUI_CryptoApp.swift; sourceTree = "<group>"; };
		233DF6D42CC4AB8800FAE8B1 /* Assets.xcassets */ = {isa = PBXFileReference; lastKnownFileType = folder.assetcatalog; path = Assets.xcassets; sourceTree = "<group>"; };
		233DF6D72CC4AB8800FAE8B1 /* Preview Assets.xcassets */ = {isa = PBXFileReference; lastKnownFileType = folder.assetcatalog; path = "Preview Assets.xcassets"; sourceTree = "<group>"; };
		233DF6DF2CC4AD5400FAE8B1 /* Color.swift */ = {isa = PBXFileReference; lastKnownFileType = sourcecode.swift; path = Color.swift; sourceTree = "<group>"; };
		233DF6E52CC4B02000FAE8B1 /* HomeView.swift */ = {isa = PBXFileReference; lastKnownFileType = sourcecode.swift; path = HomeView.swift; sourceTree = "<group>"; };
		233DF6E92CC4B22000FAE8B1 /* CircleButtonView.swift */ = {isa = PBXFileReference; lastKnownFileType = sourcecode.swift; path = CircleButtonView.swift; sourceTree = "<group>"; };
		233DF6EB2CC4B71000FAE8B1 /* CircleButtonAnimationView.swift */ = {isa = PBXFileReference; lastKnownFileType = sourcecode.swift; path = CircleButtonAnimationView.swift; sourceTree = "<group>"; };
		233DF6EE2CC4D3F700FAE8B1 /* CoinModel.swift */ = {isa = PBXFileReference; lastKnownFileType = sourcecode.swift; path = CoinModel.swift; sourceTree = "<group>"; };
		23494FAB2CC8638B00BB4F99 /* NetworkingManager.swift */ = {isa = PBXFileReference; lastKnownFileType = sourcecode.swift; path = NetworkingManager.swift; sourceTree = "<group>"; };
		236B6BF22CC5BE0F00B30718 /* HomeViewModel.swift */ = {isa = PBXFileReference; lastKnownFileType = sourcecode.swift; path = HomeViewModel.swift; sourceTree = "<group>"; };
		236B6BF52CC5C3CC00B30718 /* CoinDataService.swift */ = {isa = PBXFileReference; lastKnownFileType = sourcecode.swift; path = CoinDataService.swift; sourceTree = "<group>"; };
		236DC7F92CD056D3008147E5 /* ChartView.swift */ = {isa = PBXFileReference; lastKnownFileType = sourcecode.swift; path = ChartView.swift; sourceTree = "<group>"; };
		236DC7FB2CD05C3C008147E5 /* Date.swift */ = {isa = PBXFileReference; lastKnownFileType = sourcecode.swift; path = Date.swift; sourceTree = "<group>"; };
		23711A502CCDC6F0008622ED /* DetailView.swift */ = {isa = PBXFileReference; lastKnownFileType = sourcecode.swift; path = DetailView.swift; sourceTree = "<group>"; };
		2377E1612CC7F181003A8570 /* Info.plist */ = {isa = PBXFileReference; lastKnownFileType = text.plist; path = Info.plist; sourceTree = "<group>"; };
		23BE17B42CCE310300A3DA58 /* CoinDetailModel.swift */ = {isa = PBXFileReference; lastKnownFileType = sourcecode.swift; path = CoinDetailModel.swift; sourceTree = "<group>"; };
		23BE17B62CCE340700A3DA58 /* DetailViewModel.swift */ = {isa = PBXFileReference; lastKnownFileType = sourcecode.swift; path = DetailViewModel.swift; sourceTree = "<group>"; };
		23BE17B82CCE343000A3DA58 /* CoinDetailDataService.swift */ = {isa = PBXFileReference; lastKnownFileType = sourcecode.swift; path = CoinDetailDataService.swift; sourceTree = "<group>"; };
		23CB43722CD2FA08009C56BF /* LaunchScreen.storyboard */ = {isa = PBXFileReference; lastKnownFileType = file.storyboard; path = LaunchScreen.storyboard; sourceTree = "<group>"; };
		23CB43742CD2FCA6009C56BF /* LaunchView.swift */ = {isa = PBXFileReference; lastKnownFileType = sourcecode.swift; path = LaunchView.swift; sourceTree = "<group>"; };
/* End PBXFileReference section */

/* Begin PBXFrameworksBuildPhase section */
		233DF6CA2CC4AB8700FAE8B1 /* Frameworks */ = {
			isa = PBXFrameworksBuildPhase;
			buildActionMask = 2147483647;
			files = (
			);
			runOnlyForDeploymentPostprocessing = 0;
		};
/* End PBXFrameworksBuildPhase section */

/* Begin PBXGroup section */
		232B2FB02CC9BF9600891D68 /* CoinImage */ = {
			isa = PBXGroup;
			children = (
				232B2FB12CC9BFB600891D68 /* CoinImageView.swift */,
				232B2FB52CC9C23F00891D68 /* CoinImageViewModel.swift */,
				233895D42CCC9B0600C739FC /* CoinLogoView.swift */,
			);
			path = CoinImage;
			sourceTree = "<group>";
		};
		2337E0CC2CD1A19A00FD2CF2 /* Settings */ = {
			isa = PBXGroup;
			children = (
				2337E0CD2CD1A1C200FD2CF2 /* Views */,
			);
			path = Settings;
			sourceTree = "<group>";
		};
		2337E0CD2CD1A1C200FD2CF2 /* Views */ = {
			isa = PBXGroup;
			children = (
				2337E0CE2CD1A1D300FD2CF2 /* SettingsView.swift */,
			);
			path = Views;
			sourceTree = "<group>";
		};
		233DF6C42CC4AB8700FAE8B1 = {
			isa = PBXGroup;
			children = (
				233DF6CF2CC4AB8700FAE8B1 /* SwiftUI-Crypto */,
				233DF6CE2CC4AB8700FAE8B1 /* Products */,
			);
			sourceTree = "<group>";
		};
		233DF6CE2CC4AB8700FAE8B1 /* Products */ = {
			isa = PBXGroup;
			children = (
				233DF6CD2CC4AB8700FAE8B1 /* SwiftUI-Crypto.app */,
			);
			name = Products;
			sourceTree = "<group>";
		};
		233DF6CF2CC4AB8700FAE8B1 /* SwiftUI-Crypto */ = {
			isa = PBXGroup;
			children = (
				233DF6D02CC4AB8700FAE8B1 /* SwiftUI_CryptoApp.swift */,
				2377E1612CC7F181003A8570 /* Info.plist */,
				23494FAA2CC8635500BB4F99 /* Utilities */,
				233DF6DE2CC4AD3D00FAE8B1 /* Extensions */,
				236B6BF42CC5C3A200B30718 /* Services */,
				233DF6ED2CC4D3D800FAE8B1 /* Models */,
				233DF6E12CC4AFE600FAE8B1 /* Core */,
				233DF6D42CC4AB8800FAE8B1 /* Assets.xcassets */,
				233DF6D62CC4AB8800FAE8B1 /* Preview Content */,
			);
			path = "SwiftUI-Crypto";
			sourceTree = "<group>";
		};
		233DF6D62CC4AB8800FAE8B1 /* Preview Content */ = {
			isa = PBXGroup;
			children = (
				233DF6D72CC4AB8800FAE8B1 /* Preview Assets.xcassets */,
			);
			path = "Preview Content";
			sourceTree = "<group>";
		};
		233DF6DE2CC4AD3D00FAE8B1 /* Extensions */ = {
			isa = PBXGroup;
			children = (
				233DF6DF2CC4AD5400FAE8B1 /* Color.swift */,
				2332BBF52CC4E2FE008E163A /* PreviewProvider.swift */,
				2332BBF72CC4E644008E163A /* Double.swift */,
				233A4B192CCB1289004E7027 /* UIApplication.swift */,
				236DC7FB2CD05C3C008147E5 /* Date.swift */,
				2337E0CA2CD19C9200FD2CF2 /* String.swift */,
			);
			path = Extensions;
			sourceTree = "<group>";
		};
		233DF6E12CC4AFE600FAE8B1 /* Core */ = {
			isa = PBXGroup;
			children = (
				233DF6E72CC4B1F200FAE8B1 /* Components */,
				23CB43702CD2F9D6009C56BF /* Launch */,
				233DF6E22CC4AFFB00FAE8B1 /* Home */,
				23711A4D2CCDC6A8008622ED /* Detail */,
				2337E0CC2CD1A19A00FD2CF2 /* Settings */,
			);
			path = Core;
			sourceTree = "<group>";
		};
		233DF6E22CC4AFFB00FAE8B1 /* Home */ = {
			isa = PBXGroup;
			children = (
				233DF6E42CC4B00900FAE8B1 /* ViewModels */,
				233DF6E32CC4B00300FAE8B1 /* Views */,
			);
			path = Home;
			sourceTree = "<group>";
		};
		233DF6E32CC4B00300FAE8B1 /* Views */ = {
			isa = PBXGroup;
			children = (
				233DF6E52CC4B02000FAE8B1 /* HomeView.swift */,
				233895CA2CCC763600C739FC /* HomeStatsView.swift */,
				2332BBF32CC4E29B008E163A /* CoinRowView.swift */,
				233895D02CCC933800C739FC /* PortfolioView.swift */,
			);
			path = Views;
			sourceTree = "<group>";
		};
		233DF6E42CC4B00900FAE8B1 /* ViewModels */ = {
			isa = PBXGroup;
			children = (
				236B6BF22CC5BE0F00B30718 /* HomeViewModel.swift */,
			);
			path = ViewModels;
			sourceTree = "<group>";
		};
		233DF6E72CC4B1F200FAE8B1 /* Components */ = {
			isa = PBXGroup;
			children = (
				232B2FB02CC9BF9600891D68 /* CoinImage */,
				233DF6E82CC4B20500FAE8B1 /* CircleButton */,
				233A4B172CCB0E03004E7027 /* SearchBarView.swift */,
				233895C82CCC72D700C739FC /* StatisticView.swift */,
				233895D22CCC95BD00C739FC /* XMarkButton.swift */,
			);
			path = Components;
			sourceTree = "<group>";
		};
		233DF6E82CC4B20500FAE8B1 /* CircleButton */ = {
			isa = PBXGroup;
			children = (
				233DF6E92CC4B22000FAE8B1 /* CircleButtonView.swift */,
				233DF6EB2CC4B71000FAE8B1 /* CircleButtonAnimationView.swift */,
			);
			path = CircleButton;
			sourceTree = "<group>";
		};
		233DF6ED2CC4D3D800FAE8B1 /* Models */ = {
			isa = PBXGroup;
			children = (
				233DF6EE2CC4D3F700FAE8B1 /* CoinModel.swift */,
				233895C62CCC71A100C739FC /* StatisticModel.swift */,
				233895CC2CCC79F000C739FC /* MarketDataModel.swift */,
				233895D62CCCC41E00C739FC /* PortfolioContainer.xcdatamodeld */,
				23BE17B42CCE310300A3DA58 /* CoinDetailModel.swift */,
			);
			path = Models;
			sourceTree = "<group>";
		};
		23494FAA2CC8635500BB4F99 /* Utilities */ = {
			isa = PBXGroup;
			children = (
				23494FAB2CC8638B00BB4F99 /* NetworkingManager.swift */,
				233A4B152CCB062F004E7027 /* LocalFileManager.swift */,
				233895DB2CCCEF9C00C739FC /* HapticManager.swift */,
			);
			path = Utilities;
			sourceTree = "<group>";
		};
		236B6BF42CC5C3A200B30718 /* Services */ = {
			isa = PBXGroup;
			children = (
				236B6BF52CC5C3CC00B30718 /* CoinDataService.swift */,
				23BE17B82CCE343000A3DA58 /* CoinDetailDataService.swift */,
				232B2FB32CC9C0DB00891D68 /* CoinImageService.swift */,
				233895CE2CCC7D3200C739FC /* MarketDataService.swift */,
				233895D92CCCC4E600C739FC /* PortfolioDataService.swift */,
			);
			path = Services;
			sourceTree = "<group>";
		};
		23711A4D2CCDC6A8008622ED /* Detail */ = {
			isa = PBXGroup;
			children = (
				23711A4F2CCDC6D1008622ED /* ViewModels */,
				23711A4E2CCDC6CC008622ED /* Views */,
			);
			path = Detail;
			sourceTree = "<group>";
		};
		23711A4E2CCDC6CC008622ED /* Views */ = {
			isa = PBXGroup;
			children = (
				23711A502CCDC6F0008622ED /* DetailView.swift */,
				236DC7F92CD056D3008147E5 /* ChartView.swift */,
			);
			path = Views;
			sourceTree = "<group>";
		};
		23711A4F2CCDC6D1008622ED /* ViewModels */ = {
			isa = PBXGroup;
			children = (
				23BE17B62CCE340700A3DA58 /* DetailViewModel.swift */,
			);
			path = ViewModels;
			sourceTree = "<group>";
		};
		23CB43702CD2F9D6009C56BF /* Launch */ = {
			isa = PBXGroup;
			children = (
				23CB43712CD2F9ED009C56BF /* Views */,
			);
			path = Launch;
			sourceTree = "<group>";
		};
		23CB43712CD2F9ED009C56BF /* Views */ = {
			isa = PBXGroup;
			children = (
				23CB43722CD2FA08009C56BF /* LaunchScreen.storyboard */,
				23CB43742CD2FCA6009C56BF /* LaunchView.swift */,
			);
			path = Views;
			sourceTree = "<group>";
		};
/* End PBXGroup section */

/* Begin PBXNativeTarget section */
		233DF6CC2CC4AB8700FAE8B1 /* SwiftUI-Crypto */ = {
			isa = PBXNativeTarget;
			buildConfigurationList = 233DF6DB2CC4AB8800FAE8B1 /* Build configuration list for PBXNativeTarget "SwiftUI-Crypto" */;
			buildPhases = (
				233DF6C92CC4AB8700FAE8B1 /* Sources */,
				233DF6CA2CC4AB8700FAE8B1 /* Frameworks */,
				233DF6CB2CC4AB8700FAE8B1 /* Resources */,
			);
			buildRules = (
			);
			dependencies = (
			);
			name = "SwiftUI-Crypto";
			productName = "SwiftUI-Crypto";
			productReference = 233DF6CD2CC4AB8700FAE8B1 /* SwiftUI-Crypto.app */;
			productType = "com.apple.product-type.application";
		};
/* End PBXNativeTarget section */

/* Begin PBXProject section */
		233DF6C52CC4AB8700FAE8B1 /* Project object */ = {
			isa = PBXProject;
			attributes = {
				BuildIndependentTargetsInParallel = 1;
				LastSwiftUpdateCheck = 1420;
				LastUpgradeCheck = 1420;
				TargetAttributes = {
					233DF6CC2CC4AB8700FAE8B1 = {
						CreatedOnToolsVersion = 14.2;
					};
				};
			};
			buildConfigurationList = 233DF6C82CC4AB8700FAE8B1 /* Build configuration list for PBXProject "SwiftUI-Crypto" */;
			compatibilityVersion = "Xcode 14.0";
			developmentRegion = en;
			hasScannedForEncodings = 0;
			knownRegions = (
				en,
				Base,
			);
			mainGroup = 233DF6C42CC4AB8700FAE8B1;
			productRefGroup = 233DF6CE2CC4AB8700FAE8B1 /* Products */;
			projectDirPath = "";
			projectRoot = "";
			targets = (
				233DF6CC2CC4AB8700FAE8B1 /* SwiftUI-Crypto */,
			);
		};
/* End PBXProject section */

/* Begin PBXResourcesBuildPhase section */
		233DF6CB2CC4AB8700FAE8B1 /* Resources */ = {
			isa = PBXResourcesBuildPhase;
			buildActionMask = 2147483647;
			files = (
				23CB43732CD2FA08009C56BF /* LaunchScreen.storyboard in Resources */,
				233DF6D82CC4AB8800FAE8B1 /* Preview Assets.xcassets in Resources */,
				233DF6D52CC4AB8800FAE8B1 /* Assets.xcassets in Resources */,
			);
			runOnlyForDeploymentPostprocessing = 0;
		};
/* End PBXResourcesBuildPhase section */

/* Begin PBXSourcesBuildPhase section */
		233DF6C92CC4AB8700FAE8B1 /* Sources */ = {
			isa = PBXSourcesBuildPhase;
			buildActionMask = 2147483647;
			files = (
				233895D82CCCC41E00C739FC /* PortfolioContainer.xcdatamodeld in Sources */,
				233895C72CCC71A100C739FC /* StatisticModel.swift in Sources */,
				236B6BF62CC5C3CC00B30718 /* CoinDataService.swift in Sources */,
				236DC7FA2CD056D3008147E5 /* ChartView.swift in Sources */,
				2332BBF42CC4E29B008E163A /* CoinRowView.swift in Sources */,
				233895D32CCC95BD00C739FC /* XMarkButton.swift in Sources */,
				236B6BF32CC5BE0F00B30718 /* HomeViewModel.swift in Sources */,
				236DC7FC2CD05C3C008147E5 /* Date.swift in Sources */,
				233A4B162CCB062F004E7027 /* LocalFileManager.swift in Sources */,
				233895CD2CCC79F000C739FC /* MarketDataModel.swift in Sources */,
				233DF6E62CC4B02000FAE8B1 /* HomeView.swift in Sources */,
				233895C92CCC72D700C739FC /* StatisticView.swift in Sources */,
				232B2FB22CC9BFB600891D68 /* CoinImageView.swift in Sources */,
				233DF6D12CC4AB8700FAE8B1 /* SwiftUI_CryptoApp.swift in Sources */,
				233A4B1A2CCB1289004E7027 /* UIApplication.swift in Sources */,
				23CB43752CD2FCA6009C56BF /* LaunchView.swift in Sources */,
				233DF6EA2CC4B22000FAE8B1 /* CircleButtonView.swift in Sources */,
				233DF6E02CC4AD5400FAE8B1 /* Color.swift in Sources */,
				23711A512CCDC6F0008622ED /* DetailView.swift in Sources */,
				233895DC2CCCEF9C00C739FC /* HapticManager.swift in Sources */,
				233A4B182CCB0E03004E7027 /* SearchBarView.swift in Sources */,
				23494FAC2CC8638B00BB4F99 /* NetworkingManager.swift in Sources */,
				233895D52CCC9B0600C739FC /* CoinLogoView.swift in Sources */,
				233895CB2CCC763600C739FC /* HomeStatsView.swift in Sources */,
				233895CF2CCC7D3200C739FC /* MarketDataService.swift in Sources */,
				233DF6EC2CC4B71000FAE8B1 /* CircleButtonAnimationView.swift in Sources */,
				232B2FB62CC9C23F00891D68 /* CoinImageViewModel.swift in Sources */,
				2337E0CB2CD19C9200FD2CF2 /* String.swift in Sources */,
				2332BBF62CC4E2FE008E163A /* PreviewProvider.swift in Sources */,
				233895D12CCC933800C739FC /* PortfolioView.swift in Sources */,
				2332BBF82CC4E644008E163A /* Double.swift in Sources */,
				232B2FB42CC9C0DB00891D68 /* CoinImageService.swift in Sources */,
				23BE17B52CCE310300A3DA58 /* CoinDetailModel.swift in Sources */,
				233DF6EF2CC4D3F800FAE8B1 /* CoinModel.swift in Sources */,
				23BE17B92CCE343000A3DA58 /* CoinDetailDataService.swift in Sources */,
				23BE17B72CCE340700A3DA58 /* DetailViewModel.swift in Sources */,
				233895DA2CCCC4E600C739FC /* PortfolioDataService.swift in Sources */,
				2337E0CF2CD1A1D300FD2CF2 /* SettingsView.swift in Sources */,
			);
			runOnlyForDeploymentPostprocessing = 0;
		};
/* End PBXSourcesBuildPhase section */

/* Begin XCBuildConfiguration section */
		233DF6D92CC4AB8800FAE8B1 /* Debug */ = {
			isa = XCBuildConfiguration;
			buildSettings = {
				ALWAYS_SEARCH_USER_PATHS = NO;
				CLANG_ANALYZER_NONNULL = YES;
				CLANG_ANALYZER_NUMBER_OBJECT_CONVERSION = YES_AGGRESSIVE;
				CLANG_CXX_LANGUAGE_STANDARD = "gnu++20";
				CLANG_ENABLE_MODULES = YES;
				CLANG_ENABLE_OBJC_ARC = YES;
				CLANG_ENABLE_OBJC_WEAK = YES;
				CLANG_WARN_BLOCK_CAPTURE_AUTORELEASING = YES;
				CLANG_WARN_BOOL_CONVERSION = YES;
				CLANG_WARN_COMMA = YES;
				CLANG_WARN_CONSTANT_CONVERSION = YES;
				CLANG_WARN_DEPRECATED_OBJC_IMPLEMENTATIONS = YES;
				CLANG_WARN_DIRECT_OBJC_ISA_USAGE = YES_ERROR;
				CLANG_WARN_DOCUMENTATION_COMMENTS = YES;
				CLANG_WARN_EMPTY_BODY = YES;
				CLANG_WARN_ENUM_CONVERSION = YES;
				CLANG_WARN_INFINITE_RECURSION = YES;
				CLANG_WARN_INT_CONVERSION = YES;
				CLANG_WARN_NON_LITERAL_NULL_CONVERSION = YES;
				CLANG_WARN_OBJC_IMPLICIT_RETAIN_SELF = YES;
				CLANG_WARN_OBJC_LITERAL_CONVERSION = YES;
				CLANG_WARN_OBJC_ROOT_CLASS = YES_ERROR;
				CLANG_WARN_QUOTED_INCLUDE_IN_FRAMEWORK_HEADER = YES;
				CLANG_WARN_RANGE_LOOP_ANALYSIS = YES;
				CLANG_WARN_STRICT_PROTOTYPES = YES;
				CLANG_WARN_SUSPICIOUS_MOVE = YES;
				CLANG_WARN_UNGUARDED_AVAILABILITY = YES_AGGRESSIVE;
				CLANG_WARN_UNREACHABLE_CODE = YES;
				CLANG_WARN__DUPLICATE_METHOD_MATCH = YES;
				COPY_PHASE_STRIP = NO;
				DEBUG_INFORMATION_FORMAT = dwarf;
				ENABLE_STRICT_OBJC_MSGSEND = YES;
				ENABLE_TESTABILITY = YES;
				GCC_C_LANGUAGE_STANDARD = gnu11;
				GCC_DYNAMIC_NO_PIC = NO;
				GCC_NO_COMMON_BLOCKS = YES;
				GCC_OPTIMIZATION_LEVEL = 0;
				GCC_PREPROCESSOR_DEFINITIONS = (
					"DEBUG=1",
					"$(inherited)",
				);
				GCC_WARN_64_TO_32_BIT_CONVERSION = YES;
				GCC_WARN_ABOUT_RETURN_TYPE = YES_ERROR;
				GCC_WARN_UNDECLARED_SELECTOR = YES;
				GCC_WARN_UNINITIALIZED_AUTOS = YES_AGGRESSIVE;
				GCC_WARN_UNUSED_FUNCTION = YES;
				GCC_WARN_UNUSED_VARIABLE = YES;
				IPHONEOS_DEPLOYMENT_TARGET = 16.2;
				MTL_ENABLE_DEBUG_INFO = INCLUDE_SOURCE;
				MTL_FAST_MATH = YES;
				ONLY_ACTIVE_ARCH = YES;
				SDKROOT = iphoneos;
				SWIFT_ACTIVE_COMPILATION_CONDITIONS = DEBUG;
				SWIFT_OPTIMIZATION_LEVEL = "-Onone";
			};
			name = Debug;
		};
		233DF6DA2CC4AB8800FAE8B1 /* Release */ = {
			isa = XCBuildConfiguration;
			buildSettings = {
				ALWAYS_SEARCH_USER_PATHS = NO;
				CLANG_ANALYZER_NONNULL = YES;
				CLANG_ANALYZER_NUMBER_OBJECT_CONVERSION = YES_AGGRESSIVE;
				CLANG_CXX_LANGUAGE_STANDARD = "gnu++20";
				CLANG_ENABLE_MODULES = YES;
				CLANG_ENABLE_OBJC_ARC = YES;
				CLANG_ENABLE_OBJC_WEAK = YES;
				CLANG_WARN_BLOCK_CAPTURE_AUTORELEASING = YES;
				CLANG_WARN_BOOL_CONVERSION = YES;
				CLANG_WARN_COMMA = YES;
				CLANG_WARN_CONSTANT_CONVERSION = YES;
				CLANG_WARN_DEPRECATED_OBJC_IMPLEMENTATIONS = YES;
				CLANG_WARN_DIRECT_OBJC_ISA_USAGE = YES_ERROR;
				CLANG_WARN_DOCUMENTATION_COMMENTS = YES;
				CLANG_WARN_EMPTY_BODY = YES;
				CLANG_WARN_ENUM_CONVERSION = YES;
				CLANG_WARN_INFINITE_RECURSION = YES;
				CLANG_WARN_INT_CONVERSION = YES;
				CLANG_WARN_NON_LITERAL_NULL_CONVERSION = YES;
				CLANG_WARN_OBJC_IMPLICIT_RETAIN_SELF = YES;
				CLANG_WARN_OBJC_LITERAL_CONVERSION = YES;
				CLANG_WARN_OBJC_ROOT_CLASS = YES_ERROR;
				CLANG_WARN_QUOTED_INCLUDE_IN_FRAMEWORK_HEADER = YES;
				CLANG_WARN_RANGE_LOOP_ANALYSIS = YES;
				CLANG_WARN_STRICT_PROTOTYPES = YES;
				CLANG_WARN_SUSPICIOUS_MOVE = YES;
				CLANG_WARN_UNGUARDED_AVAILABILITY = YES_AGGRESSIVE;
				CLANG_WARN_UNREACHABLE_CODE = YES;
				CLANG_WARN__DUPLICATE_METHOD_MATCH = YES;
				COPY_PHASE_STRIP = NO;
				DEBUG_INFORMATION_FORMAT = "dwarf-with-dsym";
				ENABLE_NS_ASSERTIONS = NO;
				ENABLE_STRICT_OBJC_MSGSEND = YES;
				GCC_C_LANGUAGE_STANDARD = gnu11;
				GCC_NO_COMMON_BLOCKS = YES;
				GCC_WARN_64_TO_32_BIT_CONVERSION = YES;
				GCC_WARN_ABOUT_RETURN_TYPE = YES_ERROR;
				GCC_WARN_UNDECLARED_SELECTOR = YES;
				GCC_WARN_UNINITIALIZED_AUTOS = YES_AGGRESSIVE;
				GCC_WARN_UNUSED_FUNCTION = YES;
				GCC_WARN_UNUSED_VARIABLE = YES;
				IPHONEOS_DEPLOYMENT_TARGET = 16.2;
				MTL_ENABLE_DEBUG_INFO = NO;
				MTL_FAST_MATH = YES;
				SDKROOT = iphoneos;
				SWIFT_COMPILATION_MODE = wholemodule;
				SWIFT_OPTIMIZATION_LEVEL = "-O";
				VALIDATE_PRODUCT = YES;
			};
			name = Release;
		};
		233DF6DC2CC4AB8800FAE8B1 /* Debug */ = {
			isa = XCBuildConfiguration;
			buildSettings = {
				API_KEY = "CG-Ztb47WKRTFGWgeSC3nNmYh1f";
				ASSETCATALOG_COMPILER_APPICON_NAME = AppIcon;
				ASSETCATALOG_COMPILER_GLOBAL_ACCENT_COLOR_NAME = AccentColor;
				ASSETCATALOG_COMPILER_INCLUDE_ALL_APPICON_ASSETS = YES;
				CODE_SIGN_STYLE = Automatic;
				CURRENT_PROJECT_VERSION = 1;
				DEVELOPMENT_ASSET_PATHS = "\"SwiftUI-Crypto/Preview Content\"";
				DEVELOPMENT_TEAM = 67RTDX96NH;
				ENABLE_PREVIEWS = YES;
				GENERATE_INFOPLIST_FILE = YES;
				INFOPLIST_FILE = "SwiftUI-Crypto/Info.plist";
				INFOPLIST_KEY_UIApplicationSceneManifest_Generation = YES;
				INFOPLIST_KEY_UIApplicationSupportsIndirectInputEvents = YES;
				INFOPLIST_KEY_UILaunchStoryboardName = LaunchScreen.storyboard;
				INFOPLIST_KEY_UISupportedInterfaceOrientations_iPad = "UIInterfaceOrientationPortrait UIInterfaceOrientationPortraitUpsideDown UIInterfaceOrientationLandscapeLeft UIInterfaceOrientationLandscapeRight";
				INFOPLIST_KEY_UISupportedInterfaceOrientations_iPhone = "UIInterfaceOrientationPortrait UIInterfaceOrientationLandscapeLeft UIInterfaceOrientationLandscapeRight";
				LD_RUNPATH_SEARCH_PATHS = (
					"$(inherited)",
					"@executable_path/Frameworks",
				);
				MARKETING_VERSION = 1.0;
				PRODUCT_BUNDLE_IDENTIFIER = "com.hadidhardiansyah.SwiftUI-Crypto";
				PRODUCT_NAME = "$(TARGET_NAME)";
				SWIFT_EMIT_LOC_STRINGS = YES;
				SWIFT_VERSION = 5.0;
				TARGETED_DEVICE_FAMILY = "1,2";
			};
			name = Debug;
		};
		233DF6DD2CC4AB8800FAE8B1 /* Release */ = {
			isa = XCBuildConfiguration;
			buildSettings = {
				API_KEY = "CG-Ztb47WKRTFGWgeSC3nNmYh1f";
				ASSETCATALOG_COMPILER_APPICON_NAME = AppIcon;
				ASSETCATALOG_COMPILER_GLOBAL_ACCENT_COLOR_NAME = AccentColor;
				ASSETCATALOG_COMPILER_INCLUDE_ALL_APPICON_ASSETS = YES;
				CODE_SIGN_STYLE = Automatic;
				CURRENT_PROJECT_VERSION = 1;
				DEVELOPMENT_ASSET_PATHS = "\"SwiftUI-Crypto/Preview Content\"";
				DEVELOPMENT_TEAM = 67RTDX96NH;
				ENABLE_PREVIEWS = YES;
				GENERATE_INFOPLIST_FILE = YES;
				INFOPLIST_FILE = "SwiftUI-Crypto/Info.plist";
				INFOPLIST_KEY_UIApplicationSceneManifest_Generation = YES;
				INFOPLIST_KEY_UIApplicationSupportsIndirectInputEvents = YES;
				INFOPLIST_KEY_UILaunchStoryboardName = LaunchScreen.storyboard;
				INFOPLIST_KEY_UISupportedInterfaceOrientations_iPad = "UIInterfaceOrientationPortrait UIInterfaceOrientationPortraitUpsideDown UIInterfaceOrientationLandscapeLeft UIInterfaceOrientationLandscapeRight";
				INFOPLIST_KEY_UISupportedInterfaceOrientations_iPhone = "UIInterfaceOrientationPortrait UIInterfaceOrientationLandscapeLeft UIInterfaceOrientationLandscapeRight";
				LD_RUNPATH_SEARCH_PATHS = (
					"$(inherited)",
					"@executable_path/Frameworks",
				);
				MARKETING_VERSION = 1.0;
				PRODUCT_BUNDLE_IDENTIFIER = "com.hadidhardiansyah.SwiftUI-Crypto";
				PRODUCT_NAME = "$(TARGET_NAME)";
				SWIFT_EMIT_LOC_STRINGS = YES;
				SWIFT_VERSION = 5.0;
				TARGETED_DEVICE_FAMILY = "1,2";
			};
			name = Release;
		};
/* End XCBuildConfiguration section */

/* Begin XCConfigurationList section */
		233DF6C82CC4AB8700FAE8B1 /* Build configuration list for PBXProject "SwiftUI-Crypto" */ = {
			isa = XCConfigurationList;
			buildConfigurations = (
				233DF6D92CC4AB8800FAE8B1 /* Debug */,
				233DF6DA2CC4AB8800FAE8B1 /* Release */,
			);
			defaultConfigurationIsVisible = 0;
			defaultConfigurationName = Release;
		};
		233DF6DB2CC4AB8800FAE8B1 /* Build configuration list for PBXNativeTarget "SwiftUI-Crypto" */ = {
			isa = XCConfigurationList;
			buildConfigurations = (
				233DF6DC2CC4AB8800FAE8B1 /* Debug */,
				233DF6DD2CC4AB8800FAE8B1 /* Release */,
			);
			defaultConfigurationIsVisible = 0;
			defaultConfigurationName = Release;
		};
/* End XCConfigurationList section */

/* Begin XCVersionGroup section */
		233895D62CCCC41E00C739FC /* PortfolioContainer.xcdatamodeld */ = {
			isa = XCVersionGroup;
			children = (
				233895D72CCCC41E00C739FC /* PortfolioContainer.xcdatamodel */,
			);
			currentVersion = 233895D72CCCC41E00C739FC /* PortfolioContainer.xcdatamodel */;
			path = PortfolioContainer.xcdatamodeld;
			sourceTree = "<group>";
			versionGroupType = wrapper.xcdatamodel;
		};
/* End XCVersionGroup section */
	};
	rootObject = 233DF6C52CC4AB8700FAE8B1 /* Project object */;
}
